
Microsoft Visual Studio Solution File, Format Version 12.00
# Visual Studio Version 16
VisualStudioVersion = 16.0.30503.244
MinimumVisualStudioVersion = 10.0.40219.1
Project("{FAE04EC0-301F-11D3-BF4B-00C04F79EFBC}") = "PicoTorrentBootstrapper", "PicoTorrentBootstrapper.csproj", "{32453DC2-35EC-4082-B8D9-2BFA162D1602}"
EndProject
Global
	GlobalSection(SolutionConfigurationPlatforms) = preSolution
		Debug|Any CPU = Debug|Any CPU
		Release|Any CPU = Release|Any CPU
	EndGlobalSection
	GlobalSection(ProjectConfigurationPlatforms) = postSolution
		{32453DC2-35EC-4082-B8D9-2BFA162D1602}.Debug|Any CPU.ActiveCfg = Debug|Any CPU
		{32453DC2-35EC-4082-B8D9-2BFA162D1602}.Debug|Any CPU.Build.0 = Debug|Any CPU
		{32453DC2-35EC-4082-B8D9-2BFA162D1602}.Release|Any CPU.ActiveCfg = Release|Any CPU
		{32453DC2-35EC-4082-B8D9-2BFA162D1602}.Release|Any CPU.Build.0 = Release|Any CPU
	EndGlobalSection
	GlobalSection(SolutionProperties) = preSolution
		HideSolutionNode = FALSE
	EndGlobalSection
	GlobalSection(ExtensibilityGlobals) = postSolution
		SolutionGuid = {0B69B68C-C9F9-4348-A36C-CF49645E7CFD}
	EndGlobalSection
EndGlobal
