
Microsoft Visual Studio Solution File, Format Version 12.00
# Visual Studio 14
VisualStudioVersion = 14.0.24720.0
MinimumVisualStudioVersion = 10.0.40219.1
Project("{FAE04EC0-301F-11D3-BF4B-00C04F79EFBC}") = "PicoTorrent.Fx", "PicoTorrent.Fx\PicoTorrent.Fx.csproj", "{72174244-239D-4495-8655-0A77BC922A3D}"
EndProject
Project("{8BC9CEB8-8B4A-11D0-8D11-00A0C91BC942}") = "netfx", "netfx\netfx.vcxproj", "{5BB834EF-1287-4152-B4FE-97CCB47E31B9}"
EndProject
Project("{FAE04EC0-301F-11D3-BF4B-00C04F79EFBC}") = "PicoTorrent.Plugins.UpdateChecker", "PicoTorrent.Plugins.UpdateChecker\PicoTorrent.Plugins.UpdateChecker.csproj", "{07E1E0D4-ED52-4E12-B8C5-EA99ACE1F99E}"
EndProject
Project("{2150E333-8FDC-42A3-9474-1A3956D46DE8}") = "Plugins", "Plugins", "{75DB777A-DD3D-45D8-AFF0-6FC2FE373383}"
EndProject
Global
	GlobalSection(SolutionConfigurationPlatforms) = preSolution
		Debug|Any CPU = Debug|Any CPU
		Debug|x64 = Debug|x64
		Debug|x86 = Debug|x86
		Release|Any CPU = Release|Any CPU
		Release|x64 = Release|x64
		Release|x86 = Release|x86
	EndGlobalSection
	GlobalSection(ProjectConfigurationPlatforms) = postSolution
		{72174244-239D-4495-8655-0A77BC922A3D}.Debug|Any CPU.ActiveCfg = Debug|Any CPU
		{72174244-239D-4495-8655-0A77BC922A3D}.Debug|Any CPU.Build.0 = Debug|Any CPU
		{72174244-239D-4495-8655-0A77BC922A3D}.Debug|x64.ActiveCfg = Debug|Any CPU
		{72174244-239D-4495-8655-0A77BC922A3D}.Debug|x64.Build.0 = Debug|Any CPU
		{72174244-239D-4495-8655-0A77BC922A3D}.Debug|x86.ActiveCfg = Debug|Any CPU
		{72174244-239D-4495-8655-0A77BC922A3D}.Debug|x86.Build.0 = Debug|Any CPU
		{72174244-239D-4495-8655-0A77BC922A3D}.Release|Any CPU.ActiveCfg = Release|Any CPU
		{72174244-239D-4495-8655-0A77BC922A3D}.Release|Any CPU.Build.0 = Release|Any CPU
		{72174244-239D-4495-8655-0A77BC922A3D}.Release|x64.ActiveCfg = Release|Any CPU
		{72174244-239D-4495-8655-0A77BC922A3D}.Release|x64.Build.0 = Release|Any CPU
		{72174244-239D-4495-8655-0A77BC922A3D}.Release|x86.ActiveCfg = Release|Any CPU
		{72174244-239D-4495-8655-0A77BC922A3D}.Release|x86.Build.0 = Release|Any CPU
		{5BB834EF-1287-4152-B4FE-97CCB47E31B9}.Debug|Any CPU.ActiveCfg = Debug|Win32
		{5BB834EF-1287-4152-B4FE-97CCB47E31B9}.Debug|x64.ActiveCfg = Debug|x64
		{5BB834EF-1287-4152-B4FE-97CCB47E31B9}.Debug|x64.Build.0 = Debug|x64
		{5BB834EF-1287-4152-B4FE-97CCB47E31B9}.Debug|x86.ActiveCfg = Debug|Win32
		{5BB834EF-1287-4152-B4FE-97CCB47E31B9}.Debug|x86.Build.0 = Debug|Win32
		{5BB834EF-1287-4152-B4FE-97CCB47E31B9}.Release|Any CPU.ActiveCfg = Release|Win32
		{5BB834EF-1287-4152-B4FE-97CCB47E31B9}.Release|x64.ActiveCfg = Release|x64
		{5BB834EF-1287-4152-B4FE-97CCB47E31B9}.Release|x64.Build.0 = Release|x64
		{5BB834EF-1287-4152-B4FE-97CCB47E31B9}.Release|x86.ActiveCfg = Release|Win32
		{5BB834EF-1287-4152-B4FE-97CCB47E31B9}.Release|x86.Build.0 = Release|Win32
		{07E1E0D4-ED52-4E12-B8C5-EA99ACE1F99E}.Debug|Any CPU.ActiveCfg = Debug|Any CPU
		{07E1E0D4-ED52-4E12-B8C5-EA99ACE1F99E}.Debug|Any CPU.Build.0 = Debug|Any CPU
		{07E1E0D4-ED52-4E12-B8C5-EA99ACE1F99E}.Debug|x64.ActiveCfg = Debug|Any CPU
		{07E1E0D4-ED52-4E12-B8C5-EA99ACE1F99E}.Debug|x64.Build.0 = Debug|Any CPU
		{07E1E0D4-ED52-4E12-B8C5-EA99ACE1F99E}.Debug|x86.ActiveCfg = Debug|Any CPU
		{07E1E0D4-ED52-4E12-B8C5-EA99ACE1F99E}.Debug|x86.Build.0 = Debug|Any CPU
		{07E1E0D4-ED52-4E12-B8C5-EA99ACE1F99E}.Release|Any CPU.ActiveCfg = Release|Any CPU
		{07E1E0D4-ED52-4E12-B8C5-EA99ACE1F99E}.Release|Any CPU.Build.0 = Release|Any CPU
		{07E1E0D4-ED52-4E12-B8C5-EA99ACE1F99E}.Release|x64.ActiveCfg = Release|Any CPU
		{07E1E0D4-ED52-4E12-B8C5-EA99ACE1F99E}.Release|x64.Build.0 = Release|Any CPU
		{07E1E0D4-ED52-4E12-B8C5-EA99ACE1F99E}.Release|x86.ActiveCfg = Release|Any CPU
		{07E1E0D4-ED52-4E12-B8C5-EA99ACE1F99E}.Release|x86.Build.0 = Release|Any CPU
	EndGlobalSection
	GlobalSection(SolutionProperties) = preSolution
		HideSolutionNode = FALSE
	EndGlobalSection
	GlobalSection(NestedProjects) = preSolution
		{07E1E0D4-ED52-4E12-B8C5-EA99ACE1F99E} = {75DB777A-DD3D-45D8-AFF0-6FC2FE373383}
	EndGlobalSection
EndGlobal
